// !$*UTF8*$!
{
	archiveVersion = 1;
	classes = {
	};
	objectVersion = 56;
	objects = {

/* Begin PBXBuildFile section */
		EB38CF202BE5AF5E0001F3F0 /* WorkoutExporterApp.swift in Sources */ = {isa = PBXBuildFile; fileRef = EB38CF1F2BE5AF5E0001F3F0 /* WorkoutExporterApp.swift */; };
		EB38CF222BE5AF5E0001F3F0 /* ContentView.swift in Sources */ = {isa = PBXBuildFile; fileRef = EB38CF212BE5AF5E0001F3F0 /* ContentView.swift */; };
		EB38CF242BE5AF600001F3F0 /* Assets.xcassets in Resources */ = {isa = PBXBuildFile; fileRef = EB38CF232BE5AF600001F3F0 /* Assets.xcassets */; };
		EB38CF272BE5AF600001F3F0 /* Preview Assets.xcassets in Resources */ = {isa = PBXBuildFile; fileRef = EB38CF262BE5AF600001F3F0 /* Preview Assets.xcassets */; };
		EB38CF312BE5AF600001F3F0 /* WorkoutExporterTests.swift in Sources */ = {isa = PBXBuildFile; fileRef = EB38CF302BE5AF600001F3F0 /* WorkoutExporterTests.swift */; };
		EB38CF3B2BE5AF600001F3F0 /* WorkoutExporterUITests.swift in Sources */ = {isa = PBXBuildFile; fileRef = EB38CF3A2BE5AF600001F3F0 /* WorkoutExporterUITests.swift */; };
		EB38CF3D2BE5AF600001F3F0 /* WorkoutExporterUITestsLaunchTests.swift in Sources */ = {isa = PBXBuildFile; fileRef = EB38CF3C2BE5AF600001F3F0 /* WorkoutExporterUITestsLaunchTests.swift */; };
		EB38CF4C2BE5B9F20001F3F0 /* HealthKit.framework in Frameworks */ = {isa = PBXBuildFile; fileRef = EB38CF4B2BE5B9F20001F3F0 /* HealthKit.framework */; };
		EB38CF4F2BE5BBFE0001F3F0 /* HealthKitUI.framework in Frameworks */ = {isa = PBXBuildFile; fileRef = EB38CF4D2BE5B9FB0001F3F0 /* HealthKitUI.framework */; };
		EBA9C2AC2BE5FB1900CF60B4 /* Zip in Frameworks */ = {isa = PBXBuildFile; productRef = EBA9C2AB2BE5FB1900CF60B4 /* Zip */; };
/* End PBXBuildFile section */

/* Begin PBXContainerItemProxy section */
		EB38CF2D2BE5AF600001F3F0 /* PBXContainerItemProxy */ = {
			isa = PBXContainerItemProxy;
			containerPortal = EB38CF142BE5AF5E0001F3F0 /* Project object */;
			proxyType = 1;
			remoteGlobalIDString = EB38CF1B2BE5AF5E0001F3F0;
			remoteInfo = WorkoutExporter;
		};
		EB38CF372BE5AF600001F3F0 /* PBXContainerItemProxy */ = {
			isa = PBXContainerItemProxy;
			containerPortal = EB38CF142BE5AF5E0001F3F0 /* Project object */;
			proxyType = 1;
			remoteGlobalIDString = EB38CF1B2BE5AF5E0001F3F0;
			remoteInfo = WorkoutExporter;
		};
/* End PBXContainerItemProxy section */

/* Begin PBXFileReference section */
		EB38CF1C2BE5AF5E0001F3F0 /* WorkoutExporter.app */ = {isa = PBXFileReference; explicitFileType = wrapper.application; includeInIndex = 0; path = WorkoutExporter.app; sourceTree = BUILT_PRODUCTS_DIR; };
		EB38CF1F2BE5AF5E0001F3F0 /* WorkoutExporterApp.swift */ = {isa = PBXFileReference; lastKnownFileType = sourcecode.swift; path = WorkoutExporterApp.swift; sourceTree = "<group>"; };
		EB38CF212BE5AF5E0001F3F0 /* ContentView.swift */ = {isa = PBXFileReference; lastKnownFileType = sourcecode.swift; path = ContentView.swift; sourceTree = "<group>"; };
		EB38CF232BE5AF600001F3F0 /* Assets.xcassets */ = {isa = PBXFileReference; lastKnownFileType = folder.assetcatalog; path = Assets.xcassets; sourceTree = "<group>"; };
		EB38CF262BE5AF600001F3F0 /* Preview Assets.xcassets */ = {isa = PBXFileReference; lastKnownFileType = folder.assetcatalog; path = "Preview Assets.xcassets"; sourceTree = "<group>"; };
		EB38CF2C2BE5AF600001F3F0 /* WorkoutExporterTests.xctest */ = {isa = PBXFileReference; explicitFileType = wrapper.cfbundle; includeInIndex = 0; path = WorkoutExporterTests.xctest; sourceTree = BUILT_PRODUCTS_DIR; };
		EB38CF302BE5AF600001F3F0 /* WorkoutExporterTests.swift */ = {isa = PBXFileReference; lastKnownFileType = sourcecode.swift; path = WorkoutExporterTests.swift; sourceTree = "<group>"; };
		EB38CF362BE5AF600001F3F0 /* WorkoutExporterUITests.xctest */ = {isa = PBXFileReference; explicitFileType = wrapper.cfbundle; includeInIndex = 0; path = WorkoutExporterUITests.xctest; sourceTree = BUILT_PRODUCTS_DIR; };
		EB38CF3A2BE5AF600001F3F0 /* WorkoutExporterUITests.swift */ = {isa = PBXFileReference; lastKnownFileType = sourcecode.swift; path = WorkoutExporterUITests.swift; sourceTree = "<group>"; };
		EB38CF3C2BE5AF600001F3F0 /* WorkoutExporterUITestsLaunchTests.swift */ = {isa = PBXFileReference; lastKnownFileType = sourcecode.swift; path = WorkoutExporterUITestsLaunchTests.swift; sourceTree = "<group>"; };
		EB38CF492BE5B1B20001F3F0 /* WorkoutExporter.entitlements */ = {isa = PBXFileReference; lastKnownFileType = text.plist.entitlements; path = WorkoutExporter.entitlements; sourceTree = "<group>"; };
		EB38CF4B2BE5B9F20001F3F0 /* HealthKit.framework */ = {isa = PBXFileReference; lastKnownFileType = wrapper.framework; name = HealthKit.framework; path = System/Library/Frameworks/HealthKit.framework; sourceTree = SDKROOT; };
		EB38CF4D2BE5B9FB0001F3F0 /* HealthKitUI.framework */ = {isa = PBXFileReference; lastKnownFileType = wrapper.framework; name = HealthKitUI.framework; path = System/Library/Frameworks/HealthKitUI.framework; sourceTree = SDKROOT; };
		EBA9C2AD2BE6081200CF60B4 /* Info.plist */ = {isa = PBXFileReference; lastKnownFileType = text.plist; path = Info.plist; sourceTree = "<group>"; };
/* End PBXFileReference section */

/* Begin PBXFrameworksBuildPhase section */
		EB38CF192BE5AF5E0001F3F0 /* Frameworks */ = {
			isa = PBXFrameworksBuildPhase;
			buildActionMask = 2147483647;
			files = (
				EBA9C2AC2BE5FB1900CF60B4 /* Zip in Frameworks */,
				EB38CF4C2BE5B9F20001F3F0 /* HealthKit.framework in Frameworks */,
				EB38CF4F2BE5BBFE0001F3F0 /* HealthKitUI.framework in Frameworks */,
			);
			runOnlyForDeploymentPostprocessing = 0;
		};
		EB38CF292BE5AF600001F3F0 /* Frameworks */ = {
			isa = PBXFrameworksBuildPhase;
			buildActionMask = 2147483647;
			files = (
			);
			runOnlyForDeploymentPostprocessing = 0;
		};
		EB38CF332BE5AF600001F3F0 /* Frameworks */ = {
			isa = PBXFrameworksBuildPhase;
			buildActionMask = 2147483647;
			files = (
			);
			runOnlyForDeploymentPostprocessing = 0;
		};
/* End PBXFrameworksBuildPhase section */

/* Begin PBXGroup section */
		EB38CF132BE5AF5E0001F3F0 = {
			isa = PBXGroup;
			children = (
				EB38CF1E2BE5AF5E0001F3F0 /* WorkoutExporter */,
				EB38CF2F2BE5AF600001F3F0 /* WorkoutExporterTests */,
				EB38CF392BE5AF600001F3F0 /* WorkoutExporterUITests */,
				EB38CF1D2BE5AF5E0001F3F0 /* Products */,
				EB38CF4A2BE5B9F20001F3F0 /* Frameworks */,
			);
			sourceTree = "<group>";
		};
		EB38CF1D2BE5AF5E0001F3F0 /* Products */ = {
			isa = PBXGroup;
			children = (
				EB38CF1C2BE5AF5E0001F3F0 /* WorkoutExporter.app */,
				EB38CF2C2BE5AF600001F3F0 /* WorkoutExporterTests.xctest */,
				EB38CF362BE5AF600001F3F0 /* WorkoutExporterUITests.xctest */,
			);
			name = Products;
			sourceTree = "<group>";
		};
		EB38CF1E2BE5AF5E0001F3F0 /* WorkoutExporter */ = {
			isa = PBXGroup;
			children = (
				EBA9C2AD2BE6081200CF60B4 /* Info.plist */,
				EB38CF492BE5B1B20001F3F0 /* WorkoutExporter.entitlements */,
				EB38CF1F2BE5AF5E0001F3F0 /* WorkoutExporterApp.swift */,
				EB38CF212BE5AF5E0001F3F0 /* ContentView.swift */,
				EB38CF232BE5AF600001F3F0 /* Assets.xcassets */,
				EB38CF252BE5AF600001F3F0 /* Preview Content */,
			);
			path = WorkoutExporter;
			sourceTree = "<group>";
		};
		EB38CF252BE5AF600001F3F0 /* Preview Content */ = {
			isa = PBXGroup;
			children = (
				EB38CF262BE5AF600001F3F0 /* Preview Assets.xcassets */,
			);
			path = "Preview Content";
			sourceTree = "<group>";
		};
		EB38CF2F2BE5AF600001F3F0 /* WorkoutExporterTests */ = {
			isa = PBXGroup;
			children = (
				EB38CF302BE5AF600001F3F0 /* WorkoutExporterTests.swift */,
			);
			path = WorkoutExporterTests;
			sourceTree = "<group>";
		};
		EB38CF392BE5AF600001F3F0 /* WorkoutExporterUITests */ = {
			isa = PBXGroup;
			children = (
				EB38CF3A2BE5AF600001F3F0 /* WorkoutExporterUITests.swift */,
				EB38CF3C2BE5AF600001F3F0 /* WorkoutExporterUITestsLaunchTests.swift */,
			);
			path = WorkoutExporterUITests;
			sourceTree = "<group>";
		};
		EB38CF4A2BE5B9F20001F3F0 /* Frameworks */ = {
			isa = PBXGroup;
			children = (
				EB38CF4D2BE5B9FB0001F3F0 /* HealthKitUI.framework */,
				EB38CF4B2BE5B9F20001F3F0 /* HealthKit.framework */,
			);
			name = Frameworks;
			sourceTree = "<group>";
		};
/* End PBXGroup section */

/* Begin PBXNativeTarget section */
		EB38CF1B2BE5AF5E0001F3F0 /* WorkoutExporter */ = {
			isa = PBXNativeTarget;
			buildConfigurationList = EB38CF402BE5AF600001F3F0 /* Build configuration list for PBXNativeTarget "WorkoutExporter" */;
			buildPhases = (
				EB38CF182BE5AF5E0001F3F0 /* Sources */,
				EB38CF192BE5AF5E0001F3F0 /* Frameworks */,
				EB38CF1A2BE5AF5E0001F3F0 /* Resources */,
			);
			buildRules = (
			);
			dependencies = (
			);
			name = WorkoutExporter;
			packageProductDependencies = (
				EBA9C2AB2BE5FB1900CF60B4 /* Zip */,
			);
			productName = WorkoutExporter;
			productReference = EB38CF1C2BE5AF5E0001F3F0 /* WorkoutExporter.app */;
			productType = "com.apple.product-type.application";
		};
		EB38CF2B2BE5AF600001F3F0 /* WorkoutExporterTests */ = {
			isa = PBXNativeTarget;
			buildConfigurationList = EB38CF432BE5AF600001F3F0 /* Build configuration list for PBXNativeTarget "WorkoutExporterTests" */;
			buildPhases = (
				EB38CF282BE5AF600001F3F0 /* Sources */,
				EB38CF292BE5AF600001F3F0 /* Frameworks */,
				EB38CF2A2BE5AF600001F3F0 /* Resources */,
			);
			buildRules = (
			);
			dependencies = (
				EB38CF2E2BE5AF600001F3F0 /* PBXTargetDependency */,
			);
			name = WorkoutExporterTests;
			productName = WorkoutExporterTests;
			productReference = EB38CF2C2BE5AF600001F3F0 /* WorkoutExporterTests.xctest */;
			productType = "com.apple.product-type.bundle.unit-test";
		};
		EB38CF352BE5AF600001F3F0 /* WorkoutExporterUITests */ = {
			isa = PBXNativeTarget;
			buildConfigurationList = EB38CF462BE5AF600001F3F0 /* Build configuration list for PBXNativeTarget "WorkoutExporterUITests" */;
			buildPhases = (
				EB38CF322BE5AF600001F3F0 /* Sources */,
				EB38CF332BE5AF600001F3F0 /* Frameworks */,
				EB38CF342BE5AF600001F3F0 /* Resources */,
			);
			buildRules = (
			);
			dependencies = (
				EB38CF382BE5AF600001F3F0 /* PBXTargetDependency */,
			);
			name = WorkoutExporterUITests;
			productName = WorkoutExporterUITests;
			productReference = EB38CF362BE5AF600001F3F0 /* WorkoutExporterUITests.xctest */;
			productType = "com.apple.product-type.bundle.ui-testing";
		};
/* End PBXNativeTarget section */

/* Begin PBXProject section */
		EB38CF142BE5AF5E0001F3F0 /* Project object */ = {
			isa = PBXProject;
			attributes = {
				BuildIndependentTargetsInParallel = 1;
				LastSwiftUpdateCheck = 1530;
				LastUpgradeCheck = 1530;
				TargetAttributes = {
					EB38CF1B2BE5AF5E0001F3F0 = {
						CreatedOnToolsVersion = 15.3;
					};
					EB38CF2B2BE5AF600001F3F0 = {
						CreatedOnToolsVersion = 15.3;
						TestTargetID = EB38CF1B2BE5AF5E0001F3F0;
					};
					EB38CF352BE5AF600001F3F0 = {
						CreatedOnToolsVersion = 15.3;
						TestTargetID = EB38CF1B2BE5AF5E0001F3F0;
					};
				};
			};
			buildConfigurationList = EB38CF172BE5AF5E0001F3F0 /* Build configuration list for PBXProject "WorkoutExporter" */;
			compatibilityVersion = "Xcode 14.0";
			developmentRegion = en;
			hasScannedForEncodings = 0;
			knownRegions = (
				en,
				Base,
			);
			mainGroup = EB38CF132BE5AF5E0001F3F0;
			packageReferences = (
				EB38CF502BE5FA800001F3F0 /* XCRemoteSwiftPackageReference "Zip" */,
			);
			productRefGroup = EB38CF1D2BE5AF5E0001F3F0 /* Products */;
			projectDirPath = "";
			projectRoot = "";
			targets = (
				EB38CF1B2BE5AF5E0001F3F0 /* WorkoutExporter */,
				EB38CF2B2BE5AF600001F3F0 /* WorkoutExporterTests */,
				EB38CF352BE5AF600001F3F0 /* WorkoutExporterUITests */,
			);
		};
/* End PBXProject section */

/* Begin PBXResourcesBuildPhase section */
		EB38CF1A2BE5AF5E0001F3F0 /* Resources */ = {
			isa = PBXResourcesBuildPhase;
			buildActionMask = 2147483647;
			files = (
				EB38CF272BE5AF600001F3F0 /* Preview Assets.xcassets in Resources */,
				EB38CF242BE5AF600001F3F0 /* Assets.xcassets in Resources */,
			);
			runOnlyForDeploymentPostprocessing = 0;
		};
		EB38CF2A2BE5AF600001F3F0 /* Resources */ = {
			isa = PBXResourcesBuildPhase;
			buildActionMask = 2147483647;
			files = (
			);
			runOnlyForDeploymentPostprocessing = 0;
		};
		EB38CF342BE5AF600001F3F0 /* Resources */ = {
			isa = PBXResourcesBuildPhase;
			buildActionMask = 2147483647;
			files = (
			);
			runOnlyForDeploymentPostprocessing = 0;
		};
/* End PBXResourcesBuildPhase section */

/* Begin PBXSourcesBuildPhase section */
		EB38CF182BE5AF5E0001F3F0 /* Sources */ = {
			isa = PBXSourcesBuildPhase;
			buildActionMask = 2147483647;
			files = (
				EB38CF222BE5AF5E0001F3F0 /* ContentView.swift in Sources */,
				EB38CF202BE5AF5E0001F3F0 /* WorkoutExporterApp.swift in Sources */,
			);
			runOnlyForDeploymentPostprocessing = 0;
		};
		EB38CF282BE5AF600001F3F0 /* Sources */ = {
			isa = PBXSourcesBuildPhase;
			buildActionMask = 2147483647;
			files = (
				EB38CF312BE5AF600001F3F0 /* WorkoutExporterTests.swift in Sources */,
			);
			runOnlyForDeploymentPostprocessing = 0;
		};
		EB38CF322BE5AF600001F3F0 /* Sources */ = {
			isa = PBXSourcesBuildPhase;
			buildActionMask = 2147483647;
			files = (
				EB38CF3B2BE5AF600001F3F0 /* WorkoutExporterUITests.swift in Sources */,
				EB38CF3D2BE5AF600001F3F0 /* WorkoutExporterUITestsLaunchTests.swift in Sources */,
			);
			runOnlyForDeploymentPostprocessing = 0;
		};
/* End PBXSourcesBuildPhase section */

/* Begin PBXTargetDependency section */
		EB38CF2E2BE5AF600001F3F0 /* PBXTargetDependency */ = {
			isa = PBXTargetDependency;
			target = EB38CF1B2BE5AF5E0001F3F0 /* WorkoutExporter */;
			targetProxy = EB38CF2D2BE5AF600001F3F0 /* PBXContainerItemProxy */;
		};
		EB38CF382BE5AF600001F3F0 /* PBXTargetDependency */ = {
			isa = PBXTargetDependency;
			target = EB38CF1B2BE5AF5E0001F3F0 /* WorkoutExporter */;
			targetProxy = EB38CF372BE5AF600001F3F0 /* PBXContainerItemProxy */;
		};
/* End PBXTargetDependency section */

/* Begin XCBuildConfiguration section */
		EB38CF3E2BE5AF600001F3F0 /* Debug */ = {
			isa = XCBuildConfiguration;
			buildSettings = {
				ALWAYS_SEARCH_USER_PATHS = NO;
				ASSETCATALOG_COMPILER_GENERATE_SWIFT_ASSET_SYMBOL_EXTENSIONS = YES;
				CLANG_ANALYZER_NONNULL = YES;
				CLANG_ANALYZER_NUMBER_OBJECT_CONVERSION = YES_AGGRESSIVE;
				CLANG_CXX_LANGUAGE_STANDARD = "gnu++20";
				CLANG_ENABLE_MODULES = YES;
				CLANG_ENABLE_OBJC_ARC = YES;
				CLANG_ENABLE_OBJC_WEAK = YES;
				CLANG_WARN_BLOCK_CAPTURE_AUTORELEASING = YES;
				CLANG_WARN_BOOL_CONVERSION = YES;
				CLANG_WARN_COMMA = YES;
				CLANG_WARN_CONSTANT_CONVERSION = YES;
				CLANG_WARN_DEPRECATED_OBJC_IMPLEMENTATIONS = YES;
				CLANG_WARN_DIRECT_OBJC_ISA_USAGE = YES_ERROR;
				CLANG_WARN_DOCUMENTATION_COMMENTS = YES;
				CLANG_WARN_EMPTY_BODY = YES;
				CLANG_WARN_ENUM_CONVERSION = YES;
				CLANG_WARN_INFINITE_RECURSION = YES;
				CLANG_WARN_INT_CONVERSION = YES;
				CLANG_WARN_NON_LITERAL_NULL_CONVERSION = YES;
				CLANG_WARN_OBJC_IMPLICIT_RETAIN_SELF = YES;
				CLANG_WARN_OBJC_LITERAL_CONVERSION = YES;
				CLANG_WARN_OBJC_ROOT_CLASS = YES_ERROR;
				CLANG_WARN_QUOTED_INCLUDE_IN_FRAMEWORK_HEADER = YES;
				CLANG_WARN_RANGE_LOOP_ANALYSIS = YES;
				CLANG_WARN_STRICT_PROTOTYPES = YES;
				CLANG_WARN_SUSPICIOUS_MOVE = YES;
				CLANG_WARN_UNGUARDED_AVAILABILITY = YES_AGGRESSIVE;
				CLANG_WARN_UNREACHABLE_CODE = YES;
				CLANG_WARN__DUPLICATE_METHOD_MATCH = YES;
				COPY_PHASE_STRIP = NO;
				DEBUG_INFORMATION_FORMAT = dwarf;
				ENABLE_STRICT_OBJC_MSGSEND = YES;
				ENABLE_TESTABILITY = YES;
				ENABLE_USER_SCRIPT_SANDBOXING = YES;
				GCC_C_LANGUAGE_STANDARD = gnu17;
				GCC_DYNAMIC_NO_PIC = NO;
				GCC_NO_COMMON_BLOCKS = YES;
				GCC_OPTIMIZATION_LEVEL = 0;
				GCC_PREPROCESSOR_DEFINITIONS = (
					"DEBUG=1",
					"$(inherited)",
				);
				GCC_WARN_64_TO_32_BIT_CONVERSION = YES;
				GCC_WARN_ABOUT_RETURN_TYPE = YES_ERROR;
				GCC_WARN_UNDECLARED_SELECTOR = YES;
				GCC_WARN_UNINITIALIZED_AUTOS = YES_AGGRESSIVE;
				GCC_WARN_UNUSED_FUNCTION = YES;
				GCC_WARN_UNUSED_VARIABLE = YES;
				IPHONEOS_DEPLOYMENT_TARGET = 17.4;
				LOCALIZATION_PREFERS_STRING_CATALOGS = YES;
				MTL_ENABLE_DEBUG_INFO = INCLUDE_SOURCE;
				MTL_FAST_MATH = YES;
				ONLY_ACTIVE_ARCH = YES;
				SDKROOT = iphoneos;
				SWIFT_ACTIVE_COMPILATION_CONDITIONS = "DEBUG $(inherited)";
				SWIFT_OPTIMIZATION_LEVEL = "-Onone";
			};
			name = Debug;
		};
		EB38CF3F2BE5AF600001F3F0 /* Release */ = {
			isa = XCBuildConfiguration;
			buildSettings = {
				ALWAYS_SEARCH_USER_PATHS = NO;
				ASSETCATALOG_COMPILER_GENERATE_SWIFT_ASSET_SYMBOL_EXTENSIONS = YES;
				CLANG_ANALYZER_NONNULL = YES;
				CLANG_ANALYZER_NUMBER_OBJECT_CONVERSION = YES_AGGRESSIVE;
				CLANG_CXX_LANGUAGE_STANDARD = "gnu++20";
				CLANG_ENABLE_MODULES = YES;
				CLANG_ENABLE_OBJC_ARC = YES;
				CLANG_ENABLE_OBJC_WEAK = YES;
				CLANG_WARN_BLOCK_CAPTURE_AUTORELEASING = YES;
				CLANG_WARN_BOOL_CONVERSION = YES;
				CLANG_WARN_COMMA = YES;
				CLANG_WARN_CONSTANT_CONVERSION = YES;
				CLANG_WARN_DEPRECATED_OBJC_IMPLEMENTATIONS = YES;
				CLANG_WARN_DIRECT_OBJC_ISA_USAGE = YES_ERROR;
				CLANG_WARN_DOCUMENTATION_COMMENTS = YES;
				CLANG_WARN_EMPTY_BODY = YES;
				CLANG_WARN_ENUM_CONVERSION = YES;
				CLANG_WARN_INFINITE_RECURSION = YES;
				CLANG_WARN_INT_CONVERSION = YES;
				CLANG_WARN_NON_LITERAL_NULL_CONVERSION = YES;
				CLANG_WARN_OBJC_IMPLICIT_RETAIN_SELF = YES;
				CLANG_WARN_OBJC_LITERAL_CONVERSION = YES;
				CLANG_WARN_OBJC_ROOT_CLASS = YES_ERROR;
				CLANG_WARN_QUOTED_INCLUDE_IN_FRAMEWORK_HEADER = YES;
				CLANG_WARN_RANGE_LOOP_ANALYSIS = YES;
				CLANG_WARN_STRICT_PROTOTYPES = YES;
				CLANG_WARN_SUSPICIOUS_MOVE = YES;
				CLANG_WARN_UNGUARDED_AVAILABILITY = YES_AGGRESSIVE;
				CLANG_WARN_UNREACHABLE_CODE = YES;
				CLANG_WARN__DUPLICATE_METHOD_MATCH = YES;
				COPY_PHASE_STRIP = NO;
				DEBUG_INFORMATION_FORMAT = "dwarf-with-dsym";
				ENABLE_NS_ASSERTIONS = NO;
				ENABLE_STRICT_OBJC_MSGSEND = YES;
				ENABLE_USER_SCRIPT_SANDBOXING = YES;
				GCC_C_LANGUAGE_STANDARD = gnu17;
				GCC_NO_COMMON_BLOCKS = YES;
				GCC_WARN_64_TO_32_BIT_CONVERSION = YES;
				GCC_WARN_ABOUT_RETURN_TYPE = YES_ERROR;
				GCC_WARN_UNDECLARED_SELECTOR = YES;
				GCC_WARN_UNINITIALIZED_AUTOS = YES_AGGRESSIVE;
				GCC_WARN_UNUSED_FUNCTION = YES;
				GCC_WARN_UNUSED_VARIABLE = YES;
				IPHONEOS_DEPLOYMENT_TARGET = 17.4;
				LOCALIZATION_PREFERS_STRING_CATALOGS = YES;
				MTL_ENABLE_DEBUG_INFO = NO;
				MTL_FAST_MATH = YES;
				SDKROOT = iphoneos;
				SWIFT_COMPILATION_MODE = wholemodule;
				VALIDATE_PRODUCT = YES;
			};
			name = Release;
		};
		EB38CF412BE5AF600001F3F0 /* Debug */ = {
			isa = XCBuildConfiguration;
			buildSettings = {
				ASSETCATALOG_COMPILER_APPICON_NAME = AppIcon;
				ASSETCATALOG_COMPILER_GLOBAL_ACCENT_COLOR_NAME = AccentColor;
				CODE_SIGN_ENTITLEMENTS = WorkoutExporter/WorkoutExporter.entitlements;
				CODE_SIGN_STYLE = Automatic;
				CURRENT_PROJECT_VERSION = 1;
				DEVELOPMENT_ASSET_PATHS = "\"WorkoutExporter/Preview Content\"";
				DEVELOPMENT_TEAM = Q5EPC6VTHL;
				ENABLE_PREVIEWS = YES;
				GENERATE_INFOPLIST_FILE = YES;
				INFOPLIST_FILE = WorkoutExporter/Info.plist;
				INFOPLIST_KEY_CFBundleDisplayName = "Workout Exporter";
				INFOPLIST_KEY_LSApplicationCategoryType = "public.app-category.healthcare-fitness";
				INFOPLIST_KEY_LSSupportsOpeningDocumentsInPlace = YES;
				INFOPLIST_KEY_NSHealthShareUsageDescription = "Please allow the use of healthcare data to export workout records.";
				INFOPLIST_KEY_UIApplicationSceneManifest_Generation = YES;
				INFOPLIST_KEY_UIApplicationSupportsIndirectInputEvents = YES;
				INFOPLIST_KEY_UILaunchScreen_Generation = YES;
				INFOPLIST_KEY_UISupportedInterfaceOrientations_iPad = "UIInterfaceOrientationPortrait UIInterfaceOrientationPortraitUpsideDown UIInterfaceOrientationLandscapeLeft UIInterfaceOrientationLandscapeRight";
				INFOPLIST_KEY_UISupportedInterfaceOrientations_iPhone = "UIInterfaceOrientationPortrait UIInterfaceOrientationLandscapeLeft UIInterfaceOrientationLandscapeRight";
				LD_RUNPATH_SEARCH_PATHS = (
					"$(inherited)",
					"@executable_path/Frameworks",
				);
				MARKETING_VERSION = 1.0;
				PRODUCT_BUNDLE_IDENTIFIER = nnakadozono.WorkoutExporter;
				PRODUCT_NAME = "$(TARGET_NAME)";
				SWIFT_EMIT_LOC_STRINGS = YES;
				SWIFT_VERSION = 5.0;
				TARGETED_DEVICE_FAMILY = "1,2";
			};
			name = Debug;
		};
		EB38CF422BE5AF600001F3F0 /* Release */ = {
			isa = XCBuildConfiguration;
			buildSettings = {
				ASSETCATALOG_COMPILER_APPICON_NAME = AppIcon;
				ASSETCATALOG_COMPILER_GLOBAL_ACCENT_COLOR_NAME = AccentColor;
				CODE_SIGN_ENTITLEMENTS = WorkoutExporter/WorkoutExporter.entitlements;
				CODE_SIGN_STYLE = Automatic;
				CURRENT_PROJECT_VERSION = 1;
				DEVELOPMENT_ASSET_PATHS = "\"WorkoutExporter/Preview Content\"";
				DEVELOPMENT_TEAM = Q5EPC6VTHL;
				ENABLE_PREVIEWS = YES;
				GENERATE_INFOPLIST_FILE = YES;
				INFOPLIST_FILE = WorkoutExporter/Info.plist;
				INFOPLIST_KEY_CFBundleDisplayName = "Workout Exporter";
				INFOPLIST_KEY_LSApplicationCategoryType = "public.app-category.healthcare-fitness";
				INFOPLIST_KEY_LSSupportsOpeningDocumentsInPlace = YES;
				INFOPLIST_KEY_NSHealthShareUsageDescription = "Please allow the use of healthcare data to export workout records.";
				INFOPLIST_KEY_UIApplicationSceneManifest_Generation = YES;
				INFOPLIST_KEY_UIApplicationSupportsIndirectInputEvents = YES;
				INFOPLIST_KEY_UILaunchScreen_Generation = YES;
				INFOPLIST_KEY_UISupportedInterfaceOrientations_iPad = "UIInterfaceOrientationPortrait UIInterfaceOrientationPortraitUpsideDown UIInterfaceOrientationLandscapeLeft UIInterfaceOrientationLandscapeRight";
				INFOPLIST_KEY_UISupportedInterfaceOrientations_iPhone = "UIInterfaceOrientationPortrait UIInterfaceOrientationLandscapeLeft UIInterfaceOrientationLandscapeRight";
				LD_RUNPATH_SEARCH_PATHS = (
					"$(inherited)",
					"@executable_path/Frameworks",
				);
				MARKETING_VERSION = 1.0;
				PRODUCT_BUNDLE_IDENTIFIER = nnakadozono.WorkoutExporter;
				PRODUCT_NAME = "$(TARGET_NAME)";
				SWIFT_EMIT_LOC_STRINGS = YES;
				SWIFT_VERSION = 5.0;
				TARGETED_DEVICE_FAMILY = "1,2";
			};
			name = Release;
		};
		EB38CF442BE5AF600001F3F0 /* Debug */ = {
			isa = XCBuildConfiguration;
			buildSettings = {
				ALWAYS_EMBED_SWIFT_STANDARD_LIBRARIES = YES;
				BUNDLE_LOADER = "$(TEST_HOST)";
				CODE_SIGN_STYLE = Automatic;
				CURRENT_PROJECT_VERSION = 1;
				GENERATE_INFOPLIST_FILE = YES;
				IPHONEOS_DEPLOYMENT_TARGET = 17.4;
				MARKETING_VERSION = 1.0;
				PRODUCT_BUNDLE_IDENTIFIER = nnakadozono.WorkoutExporterTests;
				PRODUCT_NAME = "$(TARGET_NAME)";
				SWIFT_EMIT_LOC_STRINGS = NO;
				SWIFT_VERSION = 5.0;
				TARGETED_DEVICE_FAMILY = "1,2";
				TEST_HOST = "$(BUILT_PRODUCTS_DIR)/WorkoutExporter.app/$(BUNDLE_EXECUTABLE_FOLDER_PATH)/WorkoutExporter";
			};
			name = Debug;
		};
		EB38CF452BE5AF600001F3F0 /* Release */ = {
			isa = XCBuildConfiguration;
			buildSettings = {
				ALWAYS_EMBED_SWIFT_STANDARD_LIBRARIES = YES;
				BUNDLE_LOADER = "$(TEST_HOST)";
				CODE_SIGN_STYLE = Automatic;
				CURRENT_PROJECT_VERSION = 1;
				GENERATE_INFOPLIST_FILE = YES;
				IPHONEOS_DEPLOYMENT_TARGET = 17.4;
				MARKETING_VERSION = 1.0;
				PRODUCT_BUNDLE_IDENTIFIER = nnakadozono.WorkoutExporterTests;
				PRODUCT_NAME = "$(TARGET_NAME)";
				SWIFT_EMIT_LOC_STRINGS = NO;
				SWIFT_VERSION = 5.0;
				TARGETED_DEVICE_FAMILY = "1,2";
				TEST_HOST = "$(BUILT_PRODUCTS_DIR)/WorkoutExporter.app/$(BUNDLE_EXECUTABLE_FOLDER_PATH)/WorkoutExporter";
			};
			name = Release;
		};
		EB38CF472BE5AF600001F3F0 /* Debug */ = {
			isa = XCBuildConfiguration;
			buildSettings = {
				ALWAYS_EMBED_SWIFT_STANDARD_LIBRARIES = YES;
				CODE_SIGN_STYLE = Automatic;
				CURRENT_PROJECT_VERSION = 1;
				GENERATE_INFOPLIST_FILE = YES;
				MARKETING_VERSION = 1.0;
				PRODUCT_BUNDLE_IDENTIFIER = nnakadozono.WorkoutExporterUITests;
				PRODUCT_NAME = "$(TARGET_NAME)";
				SWIFT_EMIT_LOC_STRINGS = NO;
				SWIFT_VERSION = 5.0;
				TARGETED_DEVICE_FAMILY = "1,2";
				TEST_TARGET_NAME = WorkoutExporter;
			};
			name = Debug;
		};
		EB38CF482BE5AF600001F3F0 /* Release */ = {
			isa = XCBuildConfiguration;
			buildSettings = {
				ALWAYS_EMBED_SWIFT_STANDARD_LIBRARIES = YES;
				CODE_SIGN_STYLE = Automatic;
				CURRENT_PROJECT_VERSION = 1;
				GENERATE_INFOPLIST_FILE = YES;
				MARKETING_VERSION = 1.0;
				PRODUCT_BUNDLE_IDENTIFIER = nnakadozono.WorkoutExporterUITests;
				PRODUCT_NAME = "$(TARGET_NAME)";
				SWIFT_EMIT_LOC_STRINGS = NO;
				SWIFT_VERSION = 5.0;
				TARGETED_DEVICE_FAMILY = "1,2";
				TEST_TARGET_NAME = WorkoutExporter;
			};
			name = Release;
		};
/* End XCBuildConfiguration section */

/* Begin XCConfigurationList section */
		EB38CF172BE5AF5E0001F3F0 /* Build configuration list for PBXProject "WorkoutExporter" */ = {
			isa = XCConfigurationList;
			buildConfigurations = (
				EB38CF3E2BE5AF600001F3F0 /* Debug */,
				EB38CF3F2BE5AF600001F3F0 /* Release */,
			);
			defaultConfigurationIsVisible = 0;
			defaultConfigurationName = Release;
		};
		EB38CF402BE5AF600001F3F0 /* Build configuration list for PBXNativeTarget "WorkoutExporter" */ = {
			isa = XCConfigurationList;
			buildConfigurations = (
				EB38CF412BE5AF600001F3F0 /* Debug */,
				EB38CF422BE5AF600001F3F0 /* Release */,
			);
			defaultConfigurationIsVisible = 0;
			defaultConfigurationName = Release;
		};
		EB38CF432BE5AF600001F3F0 /* Build configuration list for PBXNativeTarget "WorkoutExporterTests" */ = {
			isa = XCConfigurationList;
			buildConfigurations = (
				EB38CF442BE5AF600001F3F0 /* Debug */,
				EB38CF452BE5AF600001F3F0 /* Release */,
			);
			defaultConfigurationIsVisible = 0;
			defaultConfigurationName = Release;
		};
		EB38CF462BE5AF600001F3F0 /* Build configuration list for PBXNativeTarget "WorkoutExporterUITests" */ = {
			isa = XCConfigurationList;
			buildConfigurations = (
				EB38CF472BE5AF600001F3F0 /* Debug */,
				EB38CF482BE5AF600001F3F0 /* Release */,
			);
			defaultConfigurationIsVisible = 0;
			defaultConfigurationName = Release;
		};
/* End XCConfigurationList section */

/* Begin XCRemoteSwiftPackageReference section */
		EB38CF502BE5FA800001F3F0 /* XCRemoteSwiftPackageReference "Zip" */ = {
			isa = XCRemoteSwiftPackageReference;
			repositoryURL = "https://github.com/marmelroy/Zip.git";
			requirement = {
				kind = upToNextMinorVersion;
				minimumVersion = 2.1.2;
			};
		};
/* End XCRemoteSwiftPackageReference section */

/* Begin XCSwiftPackageProductDependency section */
		EBA9C2AB2BE5FB1900CF60B4 /* Zip */ = {
			isa = XCSwiftPackageProductDependency;
			package = EB38CF502BE5FA800001F3F0 /* XCRemoteSwiftPackageReference "Zip" */;
			productName = Zip;
		};
/* End XCSwiftPackageProductDependency section */
	};
	rootObject = EB38CF142BE5AF5E0001F3F0 /* Project object */;
}
